
Microsoft Visual Studio Solution File, Format Version 12.00
# Visual Studio Version 17
VisualStudioVersion = 17.4.33213.308
MinimumVisualStudioVersion = 10.0.40219.1
Project("{FAE04EC0-301F-11D3-BF4B-00C04F79EFBC}") = "phoneBook", "phoneBook.csproj", "{793D4EF7-C995-4D9E-83B2-340CF1E0B4F6}"
EndProject
Global
	GlobalSection(SolutionConfigurationPlatforms) = preSolution
		Debug|Any CPU = Debug|Any CPU
		Release|Any CPU = Release|Any CPU
	EndGlobalSection
	GlobalSection(ProjectConfigurationPlatforms) = postSolution
		{793D4EF7-C995-4D9E-83B2-340CF1E0B4F6}.Debug|Any CPU.ActiveCfg = Debug|Any CPU
		{793D4EF7-C995-4D9E-83B2-340CF1E0B4F6}.Debug|Any CPU.Build.0 = Debug|Any CPU
		{793D4EF7-C995-4D9E-83B2-340CF1E0B4F6}.Release|Any CPU.ActiveCfg = Release|Any CPU
		{793D4EF7-C995-4D9E-83B2-340CF1E0B4F6}.Release|Any CPU.Build.0 = Release|Any CPU
	EndGlobalSection
	GlobalSection(SolutionProperties) = preSolution
		HideSolutionNode = FALSE
	EndGlobalSection
	GlobalSection(ExtensibilityGlobals) = postSolution
		SolutionGuid = {058EE5D3-0015-4589-8A07-855B2FCF36BA}
	EndGlobalSection
EndGlobal
